
Microsoft Visual Studio Solution File, Format Version 12.00
# Visual Studio Version 17
VisualStudioVersion = 17.7.34031.279
MinimumVisualStudioVersion = 10.0.40219.1
Project("{FAE04EC0-301F-11D3-BF4B-00C04F79EFBC}") = "ChellengeApp", "ChellengeApp\ChellengeApp.csproj", "{0F2FE2D8-5C77-4B48-B37D-580898ACE2A9}"
EndProject
Global
	GlobalSection(SolutionConfigurationPlatforms) = preSolution
		Debug|Any CPU = Debug|Any CPU
		Release|Any CPU = Release|Any CPU
	EndGlobalSection
	GlobalSection(ProjectConfigurationPlatforms) = postSolution
		{0F2FE2D8-5C77-4B48-B37D-580898ACE2A9}.Debug|Any CPU.ActiveCfg = Debug|Any CPU
		{0F2FE2D8-5C77-4B48-B37D-580898ACE2A9}.Debug|Any CPU.Build.0 = Debug|Any CPU
		{0F2FE2D8-5C77-4B48-B37D-580898ACE2A9}.Release|Any CPU.ActiveCfg = Release|Any CPU
		{0F2FE2D8-5C77-4B48-B37D-580898ACE2A9}.Release|Any CPU.Build.0 = Release|Any CPU
	EndGlobalSection
	GlobalSection(SolutionProperties) = preSolution
		HideSolutionNode = FALSE
	EndGlobalSection
	GlobalSection(ExtensibilityGlobals) = postSolution
		SolutionGuid = {5E941426-2CB3-43AC-AD9A-B02B96DD3384}
	EndGlobalSection
EndGlobal
